// !$*UTF8*$!
{
	archiveVersion = 1;
	classes = {
	};
	objectVersion = 50;
	objects = {

/* Begin PBXBuildFile section */
		7446303C21875D89002999BE /* AppDelegate.swift in Sources */ = {isa = PBXBuildFile; fileRef = 7446303B21875D89002999BE /* AppDelegate.swift */; };
		7446304121875D89002999BE /* Main.storyboard in Resources */ = {isa = PBXBuildFile; fileRef = 7446303F21875D89002999BE /* Main.storyboard */; };
		7446304321875D8B002999BE /* Assets.xcassets in Resources */ = {isa = PBXBuildFile; fileRef = 7446304221875D8B002999BE /* Assets.xcassets */; };
		7446304621875D8B002999BE /* LaunchScreen.storyboard in Resources */ = {isa = PBXBuildFile; fileRef = 7446304421875D8B002999BE /* LaunchScreen.storyboard */; };
		7446304E21875DC0002999BE /* LibraryViewController.swift in Sources */ = {isa = PBXBuildFile; fileRef = 7446304D21875DC0002999BE /* LibraryViewController.swift */; };
		7446305021877812002999BE /* Game.swift in Sources */ = {isa = PBXBuildFile; fileRef = 7446304F21877812002999BE /* Game.swift */; };
		7446305221877DE9002999BE /* Library.swift in Sources */ = {isa = PBXBuildFile; fileRef = 7446305121877DE9002999BE /* Library.swift */; };
		744630542188CD93002999BE /* AddGameViewController.swift in Sources */ = {isa = PBXBuildFile; fileRef = 744630532188CD93002999BE /* AddGameViewController.swift */; };
		74B865EC218B536300B1B220 /* LibraryCell.swift in Sources */ = {isa = PBXBuildFile; fileRef = 74B865EB218B536300B1B220 /* LibraryCell.swift */; };
		74C34EC42190ACB500541AB9 /* DetailsViewController.swift in Sources */ = {isa = PBXBuildFile; fileRef = 74C34EC32190ACB500541AB9 /* DetailsViewController.swift */; };
		96E1A8C70A61AEBD48C664BC /* Pods_VIdeoGameLibrary.framework in Frameworks */ = {isa = PBXBuildFile; fileRef = 5EA713E34E72A969C05ED8AA /* Pods_VIdeoGameLibrary.framework */; };
/* End PBXBuildFile section */

/* Begin PBXFileReference section */
		1653F22CA57667EC957E40F9 /* Pods-VIdeoGameLibrary.release.xcconfig */ = {isa = PBXFileReference; includeInIndex = 1; lastKnownFileType = text.xcconfig; name = "Pods-VIdeoGameLibrary.release.xcconfig"; path = "Pods/Target Support Files/Pods-VIdeoGameLibrary/Pods-VIdeoGameLibrary.release.xcconfig"; sourceTree = "<group>"; };
		5EA713E34E72A969C05ED8AA /* Pods_VIdeoGameLibrary.framework */ = {isa = PBXFileReference; explicitFileType = wrapper.framework; includeInIndex = 0; path = Pods_VIdeoGameLibrary.framework; sourceTree = BUILT_PRODUCTS_DIR; };
		7446303821875D89002999BE /* VIdeoGameLibrary.app */ = {isa = PBXFileReference; explicitFileType = wrapper.application; includeInIndex = 0; path = VIdeoGameLibrary.app; sourceTree = BUILT_PRODUCTS_DIR; };
		7446303B21875D89002999BE /* AppDelegate.swift */ = {isa = PBXFileReference; lastKnownFileType = sourcecode.swift; path = AppDelegate.swift; sourceTree = "<group>"; };
		7446304021875D89002999BE /* Base */ = {isa = PBXFileReference; lastKnownFileType = file.storyboard; name = Base; path = Base.lproj/Main.storyboard; sourceTree = "<group>"; };
		7446304221875D8B002999BE /* Assets.xcassets */ = {isa = PBXFileReference; lastKnownFileType = folder.assetcatalog; path = Assets.xcassets; sourceTree = "<group>"; };
		7446304521875D8B002999BE /* Base */ = {isa = PBXFileReference; lastKnownFileType = file.storyboard; name = Base; path = Base.lproj/LaunchScreen.storyboard; sourceTree = "<group>"; };
		7446304721875D8B002999BE /* Info.plist */ = {isa = PBXFileReference; lastKnownFileType = text.plist.xml; path = Info.plist; sourceTree = "<group>"; };
		7446304D21875DC0002999BE /* LibraryViewController.swift */ = {isa = PBXFileReference; lastKnownFileType = sourcecode.swift; path = LibraryViewController.swift; sourceTree = "<group>"; };
		7446304F21877812002999BE /* Game.swift */ = {isa = PBXFileReference; lastKnownFileType = sourcecode.swift; path = Game.swift; sourceTree = "<group>"; };
		7446305121877DE9002999BE /* Library.swift */ = {isa = PBXFileReference; lastKnownFileType = sourcecode.swift; path = Library.swift; sourceTree = "<group>"; };
		744630532188CD93002999BE /* AddGameViewController.swift */ = {isa = PBXFileReference; lastKnownFileType = sourcecode.swift; path = AddGameViewController.swift; sourceTree = "<group>"; };
		74B865EB218B536300B1B220 /* LibraryCell.swift */ = {isa = PBXFileReference; lastKnownFileType = sourcecode.swift; path = LibraryCell.swift; sourceTree = "<group>"; };
		74C34EC32190ACB500541AB9 /* DetailsViewController.swift */ = {isa = PBXFileReference; lastKnownFileType = sourcecode.swift; path = DetailsViewController.swift; sourceTree = "<group>"; };
		89606978A962371D5BE7E7FA /* Pods-VIdeoGameLibrary.debug.xcconfig */ = {isa = PBXFileReference; includeInIndex = 1; lastKnownFileType = text.xcconfig; name = "Pods-VIdeoGameLibrary.debug.xcconfig"; path = "Pods/Target Support Files/Pods-VIdeoGameLibrary/Pods-VIdeoGameLibrary.debug.xcconfig"; sourceTree = "<group>"; };
/* End PBXFileReference section */

/* Begin PBXFrameworksBuildPhase section */
		7446303521875D89002999BE /* Frameworks */ = {
			isa = PBXFrameworksBuildPhase;
			buildActionMask = 2147483647;
			files = (
				96E1A8C70A61AEBD48C664BC /* Pods_VIdeoGameLibrary.framework in Frameworks */,
			);
			runOnlyForDeploymentPostprocessing = 0;
		};
/* End PBXFrameworksBuildPhase section */

/* Begin PBXGroup section */
		7446302F21875D89002999BE = {
			isa = PBXGroup;
			children = (
				7446303A21875D89002999BE /* VIdeoGameLibrary */,
				7446303921875D89002999BE /* Products */,
				8D566F7745DFEDD396147A1D /* Pods */,
				A66877772FE2F500DEA233D0 /* Frameworks */,
			);
			sourceTree = "<group>";
		};
		7446303921875D89002999BE /* Products */ = {
			isa = PBXGroup;
			children = (
				7446303821875D89002999BE /* VIdeoGameLibrary.app */,
			);
			name = Products;
			sourceTree = "<group>";
		};
		7446303A21875D89002999BE /* VIdeoGameLibrary */ = {
			isa = PBXGroup;
			children = (
				7446303B21875D89002999BE /* AppDelegate.swift */,
				7446303F21875D89002999BE /* Main.storyboard */,
				74C34EC32190ACB500541AB9 /* DetailsViewController.swift */,
				74B865EB218B536300B1B220 /* LibraryCell.swift */,
				744630532188CD93002999BE /* AddGameViewController.swift */,
				7446304221875D8B002999BE /* Assets.xcassets */,
				7446304421875D8B002999BE /* LaunchScreen.storyboard */,
				7446304721875D8B002999BE /* Info.plist */,
				7446304D21875DC0002999BE /* LibraryViewController.swift */,
				7446305121877DE9002999BE /* Library.swift */,
				7446304F21877812002999BE /* Game.swift */,
			);
			path = VIdeoGameLibrary;
			sourceTree = "<group>";
		};
		8D566F7745DFEDD396147A1D /* Pods */ = {
			isa = PBXGroup;
			children = (
				89606978A962371D5BE7E7FA /* Pods-VIdeoGameLibrary.debug.xcconfig */,
				1653F22CA57667EC957E40F9 /* Pods-VIdeoGameLibrary.release.xcconfig */,
			);
			name = Pods;
			sourceTree = "<group>";
		};
		A66877772FE2F500DEA233D0 /* Frameworks */ = {
			isa = PBXGroup;
			children = (
				5EA713E34E72A969C05ED8AA /* Pods_VIdeoGameLibrary.framework */,
			);
			name = Frameworks;
			sourceTree = "<group>";
		};
/* End PBXGroup section */

/* Begin PBXNativeTarget section */
		7446303721875D89002999BE /* VIdeoGameLibrary */ = {
			isa = PBXNativeTarget;
			buildConfigurationList = 7446304A21875D8B002999BE /* Build configuration list for PBXNativeTarget "VIdeoGameLibrary" */;
			buildPhases = (
				14085C28D3437AA00D5850F0 /* [CP] Check Pods Manifest.lock */,
				7446303421875D89002999BE /* Sources */,
				7446303521875D89002999BE /* Frameworks */,
				7446303621875D89002999BE /* Resources */,
				55AF0A00E9B102AB943A7649 /* [CP] Embed Pods Frameworks */,
			);
			buildRules = (
			);
			dependencies = (
			);
			name = VIdeoGameLibrary;
			productName = VIdeoGameLibrary;
			productReference = 7446303821875D89002999BE /* VIdeoGameLibrary.app */;
			productType = "com.apple.product-type.application";
		};
/* End PBXNativeTarget section */

/* Begin PBXProject section */
		7446303021875D89002999BE /* Project object */ = {
			isa = PBXProject;
			attributes = {
				LastSwiftUpdateCheck = 1000;
				LastUpgradeCheck = 1000;
				ORGANIZATIONNAME = "Ezra Kiteck";
				TargetAttributes = {
					7446303721875D89002999BE = {
						CreatedOnToolsVersion = 10.0;
					};
				};
			};
			buildConfigurationList = 7446303321875D89002999BE /* Build configuration list for PBXProject "VIdeoGameLibrary" */;
			compatibilityVersion = "Xcode 9.3";
			developmentRegion = en;
			hasScannedForEncodings = 0;
			knownRegions = (
				en,
				Base,
			);
			mainGroup = 7446302F21875D89002999BE;
			productRefGroup = 7446303921875D89002999BE /* Products */;
			projectDirPath = "";
			projectRoot = "";
			targets = (
				7446303721875D89002999BE /* VIdeoGameLibrary */,
			);
		};
/* End PBXProject section */

/* Begin PBXResourcesBuildPhase section */
		7446303621875D89002999BE /* Resources */ = {
			isa = PBXResourcesBuildPhase;
			buildActionMask = 2147483647;
			files = (
				7446304621875D8B002999BE /* LaunchScreen.storyboard in Resources */,
				7446304321875D8B002999BE /* Assets.xcassets in Resources */,
				7446304121875D89002999BE /* Main.storyboard in Resources */,
			);
			runOnlyForDeploymentPostprocessing = 0;
		};
/* End PBXResourcesBuildPhase section */

/* Begin PBXShellScriptBuildPhase section */
		14085C28D3437AA00D5850F0 /* [CP] Check Pods Manifest.lock */ = {
			isa = PBXShellScriptBuildPhase;
			buildActionMask = 2147483647;
			files = (
			);
			inputPaths = (
				"${PODS_PODFILE_DIR_PATH}/Podfile.lock",
				"${PODS_ROOT}/Manifest.lock",
			);
			name = "[CP] Check Pods Manifest.lock";
			outputPaths = (
				"$(DERIVED_FILE_DIR)/Pods-VIdeoGameLibrary-checkManifestLockResult.txt",
			);
			runOnlyForDeploymentPostprocessing = 0;
			shellPath = /bin/sh;
			shellScript = "diff \"${PODS_PODFILE_DIR_PATH}/Podfile.lock\" \"${PODS_ROOT}/Manifest.lock\" > /dev/null\nif [ $? != 0 ] ; then\n    # print error to STDERR\n    echo \"error: The sandbox is not in sync with the Podfile.lock. Run 'pod install' or update your CocoaPods installation.\" >&2\n    exit 1\nfi\n# This output is used by Xcode 'outputs' to avoid re-running this script phase.\necho \"SUCCESS\" > \"${SCRIPT_OUTPUT_FILE_0}\"\n";
			showEnvVarsInLog = 0;
		};
		55AF0A00E9B102AB943A7649 /* [CP] Embed Pods Frameworks */ = {
			isa = PBXShellScriptBuildPhase;
			buildActionMask = 2147483647;
			files = (
			);
			inputPaths = (
				"${SRCROOT}/Pods/Target Support Files/Pods-VIdeoGameLibrary/Pods-VIdeoGameLibrary-frameworks.sh",
				"${BUILT_PRODUCTS_DIR}/DZNEmptyDataSet/DZNEmptyDataSet.framework",
			);
			name = "[CP] Embed Pods Frameworks";
			outputPaths = (
				"${TARGET_BUILD_DIR}/${FRAMEWORKS_FOLDER_PATH}/DZNEmptyDataSet.framework",
			);
			runOnlyForDeploymentPostprocessing = 0;
			shellPath = /bin/sh;
			shellScript = "\"${SRCROOT}/Pods/Target Support Files/Pods-VIdeoGameLibrary/Pods-VIdeoGameLibrary-frameworks.sh\"\n";
			showEnvVarsInLog = 0;
		};
/* End PBXShellScriptBuildPhase section */

/* Begin PBXSourcesBuildPhase section */
		7446303421875D89002999BE /* Sources */ = {
			isa = PBXSourcesBuildPhase;
			buildActionMask = 2147483647;
			files = (
				744630542188CD93002999BE /* AddGameViewController.swift in Sources */,
				7446304E21875DC0002999BE /* LibraryViewController.swift in Sources */,
				7446305221877DE9002999BE /* Library.swift in Sources */,
				74B865EC218B536300B1B220 /* LibraryCell.swift in Sources */,
				74C34EC42190ACB500541AB9 /* DetailsViewController.swift in Sources */,
				7446305021877812002999BE /* Game.swift in Sources */,
				7446303C21875D89002999BE /* AppDelegate.swift in Sources */,
			);
			runOnlyForDeploymentPostprocessing = 0;
		};
/* End PBXSourcesBuildPhase section */

/* Begin PBXVariantGroup section */
		7446303F21875D89002999BE /* Main.storyboard */ = {
			isa = PBXVariantGroup;
			children = (
				7446304021875D89002999BE /* Base */,
			);
			name = Main.storyboard;
			sourceTree = "<group>";
		};
		7446304421875D8B002999BE /* LaunchScreen.storyboard */ = {
			isa = PBXVariantGroup;
			children = (
				7446304521875D8B002999BE /* Base */,
			);
			name = LaunchScreen.storyboard;
			sourceTree = "<group>";
		};
/* End PBXVariantGroup section */

/* Begin XCBuildConfiguration section */
		7446304821875D8B002999BE /* Debug */ = {
			isa = XCBuildConfiguration;
			buildSettings = {
				ALWAYS_SEARCH_USER_PATHS = NO;
				CLANG_ANALYZER_NONNULL = YES;
				CLANG_ANALYZER_NUMBER_OBJECT_CONVERSION = YES_AGGRESSIVE;
				CLANG_CXX_LANGUAGE_STANDARD = "gnu++14";
				CLANG_CXX_LIBRARY = "libc++";
				CLANG_ENABLE_MODULES = YES;
				CLANG_ENABLE_OBJC_ARC = YES;
				CLANG_ENABLE_OBJC_WEAK = YES;
				CLANG_WARN_BLOCK_CAPTURE_AUTORELEASING = YES;
				CLANG_WARN_BOOL_CONVERSION = YES;
				CLANG_WARN_COMMA = YES;
				CLANG_WARN_CONSTANT_CONVERSION = YES;
				CLANG_WARN_DEPRECATED_OBJC_IMPLEMENTATIONS = YES;
				CLANG_WARN_DIRECT_OBJC_ISA_USAGE = YES_ERROR;
				CLANG_WARN_DOCUMENTATION_COMMENTS = YES;
				CLANG_WARN_EMPTY_BODY = YES;
				CLANG_WARN_ENUM_CONVERSION = YES;
				CLANG_WARN_INFINITE_RECURSION = YES;
				CLANG_WARN_INT_CONVERSION = YES;
				CLANG_WARN_NON_LITERAL_NULL_CONVERSION = YES;
				CLANG_WARN_OBJC_IMPLICIT_RETAIN_SELF = YES;
				CLANG_WARN_OBJC_LITERAL_CONVERSION = YES;
				CLANG_WARN_OBJC_ROOT_CLASS = YES_ERROR;
				CLANG_WARN_RANGE_LOOP_ANALYSIS = YES;
				CLANG_WARN_STRICT_PROTOTYPES = YES;
				CLANG_WARN_SUSPICIOUS_MOVE = YES;
				CLANG_WARN_UNGUARDED_AVAILABILITY = YES_AGGRESSIVE;
				CLANG_WARN_UNREACHABLE_CODE = YES;
				CLANG_WARN__DUPLICATE_METHOD_MATCH = YES;
				CODE_SIGN_IDENTITY = "iPhone Developer";
				COPY_PHASE_STRIP = NO;
				DEBUG_INFORMATION_FORMAT = dwarf;
				ENABLE_STRICT_OBJC_MSGSEND = YES;
				ENABLE_TESTABILITY = YES;
				GCC_C_LANGUAGE_STANDARD = gnu11;
				GCC_DYNAMIC_NO_PIC = NO;
				GCC_NO_COMMON_BLOCKS = YES;
				GCC_OPTIMIZATION_LEVEL = 0;
				GCC_PREPROCESSOR_DEFINITIONS = (
					"DEBUG=1",
					"$(inherited)",
				);
				GCC_WARN_64_TO_32_BIT_CONVERSION = YES;
				GCC_WARN_ABOUT_RETURN_TYPE = YES_ERROR;
				GCC_WARN_UNDECLARED_SELECTOR = YES;
				GCC_WARN_UNINITIALIZED_AUTOS = YES_AGGRESSIVE;
				GCC_WARN_UNUSED_FUNCTION = YES;
				GCC_WARN_UNUSED_VARIABLE = YES;
				IPHONEOS_DEPLOYMENT_TARGET = 12.0;
				MTL_ENABLE_DEBUG_INFO = INCLUDE_SOURCE;
				MTL_FAST_MATH = YES;
				ONLY_ACTIVE_ARCH = YES;
				SDKROOT = iphoneos;
				SWIFT_ACTIVE_COMPILATION_CONDITIONS = DEBUG;
				SWIFT_OPTIMIZATION_LEVEL = "-Onone";
			};
			name = Debug;
		};
		7446304921875D8B002999BE /* Release */ = {
			isa = XCBuildConfiguration;
			buildSettings = {
				ALWAYS_SEARCH_USER_PATHS = NO;
				CLANG_ANALYZER_NONNULL = YES;
				CLANG_ANALYZER_NUMBER_OBJECT_CONVERSION = YES_AGGRESSIVE;
				CLANG_CXX_LANGUAGE_STANDARD = "gnu++14";
				CLANG_CXX_LIBRARY = "libc++";
				CLANG_ENABLE_MODULES = YES;
				CLANG_ENABLE_OBJC_ARC = YES;
				CLANG_ENABLE_OBJC_WEAK = YES;
				CLANG_WARN_BLOCK_CAPTURE_AUTORELEASING = YES;
				CLANG_WARN_BOOL_CONVERSION = YES;
				CLANG_WARN_COMMA = YES;
				CLANG_WARN_CONSTANT_CONVERSION = YES;
				CLANG_WARN_DEPRECATED_OBJC_IMPLEMENTATIONS = YES;
				CLANG_WARN_DIRECT_OBJC_ISA_USAGE = YES_ERROR;
				CLANG_WARN_DOCUMENTATION_COMMENTS = YES;
				CLANG_WARN_EMPTY_BODY = YES;
				CLANG_WARN_ENUM_CONVERSION = YES;
				CLANG_WARN_INFINITE_RECURSION = YES;
				CLANG_WARN_INT_CONVERSION = YES;
				CLANG_WARN_NON_LITERAL_NULL_CONVERSION = YES;
				CLANG_WARN_OBJC_IMPLICIT_RETAIN_SELF = YES;
				CLANG_WARN_OBJC_LITERAL_CONVERSION = YES;
				CLANG_WARN_OBJC_ROOT_CLASS = YES_ERROR;
				CLANG_WARN_RANGE_LOOP_ANALYSIS = YES;
				CLANG_WARN_STRICT_PROTOTYPES = YES;
				CLANG_WARN_SUSPICIOUS_MOVE = YES;
				CLANG_WARN_UNGUARDED_AVAILABILITY = YES_AGGRESSIVE;
				CLANG_WARN_UNREACHABLE_CODE = YES;
				CLANG_WARN__DUPLICATE_METHOD_MATCH = YES;
				CODE_SIGN_IDENTITY = "iPhone Developer";
				COPY_PHASE_STRIP = NO;
				DEBUG_INFORMATION_FORMAT = "dwarf-with-dsym";
				ENABLE_NS_ASSERTIONS = NO;
				ENABLE_STRICT_OBJC_MSGSEND = YES;
				GCC_C_LANGUAGE_STANDARD = gnu11;
				GCC_NO_COMMON_BLOCKS = YES;
				GCC_WARN_64_TO_32_BIT_CONVERSION = YES;
				GCC_WARN_ABOUT_RETURN_TYPE = YES_ERROR;
				GCC_WARN_UNDECLARED_SELECTOR = YES;
				GCC_WARN_UNINITIALIZED_AUTOS = YES_AGGRESSIVE;
				GCC_WARN_UNUSED_FUNCTION = YES;
				GCC_WARN_UNUSED_VARIABLE = YES;
				IPHONEOS_DEPLOYMENT_TARGET = 12.0;
				MTL_ENABLE_DEBUG_INFO = NO;
				MTL_FAST_MATH = YES;
				SDKROOT = iphoneos;
				SWIFT_COMPILATION_MODE = wholemodule;
				SWIFT_OPTIMIZATION_LEVEL = "-O";
				VALIDATE_PRODUCT = YES;
			};
			name = Release;
		};
		7446304B21875D8B002999BE /* Debug */ = {
			isa = XCBuildConfiguration;
			baseConfigurationReference = 89606978A962371D5BE7E7FA /* Pods-VIdeoGameLibrary.debug.xcconfig */;
			buildSettings = {
				ASSETCATALOG_COMPILER_APPICON_NAME = AppIcon;
				CODE_SIGN_STYLE = Automatic;
				INFOPLIST_FILE = VIdeoGameLibrary/Info.plist;
				LD_RUNPATH_SEARCH_PATHS = (
					"$(inherited)",
					"@executable_path/Frameworks",
				);
				PRODUCT_BUNDLE_IDENTIFIER = com.EzraKiteck.VIdeoGameLibrary;
				PRODUCT_NAME = "$(TARGET_NAME)";
				SWIFT_VERSION = 4.2;
				TARGETED_DEVICE_FAMILY = "1,2";
			};
			name = Debug;
		};
		7446304C21875D8B002999BE /* Release */ = {
			isa = XCBuildConfiguration;
			baseConfigurationReference = 1653F22CA57667EC957E40F9 /* Pods-VIdeoGameLibrary.release.xcconfig */;
			buildSettings = {
				ASSETCATALOG_COMPILER_APPICON_NAME = AppIcon;
				CODE_SIGN_STYLE = Automatic;
				INFOPLIST_FILE = VIdeoGameLibrary/Info.plist;
				LD_RUNPATH_SEARCH_PATHS = (
					"$(inherited)",
					"@executable_path/Frameworks",
				);
				PRODUCT_BUNDLE_IDENTIFIER = com.EzraKiteck.VIdeoGameLibrary;
				PRODUCT_NAME = "$(TARGET_NAME)";
				SWIFT_VERSION = 4.2;
				TARGETED_DEVICE_FAMILY = "1,2";
			};
			name = Release;
		};
/* End XCBuildConfiguration section */

/* Begin XCConfigurationList section */
		7446303321875D89002999BE /* Build configuration list for PBXProject "VIdeoGameLibrary" */ = {
			isa = XCConfigurationList;
			buildConfigurations = (
				7446304821875D8B002999BE /* Debug */,
				7446304921875D8B002999BE /* Release */,
			);
			defaultConfigurationIsVisible = 0;
			defaultConfigurationName = Release;
		};
		7446304A21875D8B002999BE /* Build configuration list for PBXNativeTarget "VIdeoGameLibrary" */ = {
			isa = XCConfigurationList;
			buildConfigurations = (
				7446304B21875D8B002999BE /* Debug */,
				7446304C21875D8B002999BE /* Release */,
			);
			defaultConfigurationIsVisible = 0;
			defaultConfigurationName = Release;
		};
/* End XCConfigurationList section */
	};
	rootObject = 7446303021875D89002999BE /* Project object */;
}
